
Microsoft Visual Studio Solution File, Format Version 12.00
# Visual Studio Version 16
VisualStudioVersion = 25.0.1706.12
MinimumVisualStudioVersion = 10.0.40219.1
Project("{2150E333-8FDC-42A3-9474-1A3956D46DE8}") = "ProductMicroservice", "ProductMicroservice", "{DEFA2CE4-659B-4EA1-8F9D-2AA4F4046905}"
EndProject
Project("{FAE04EC0-301F-11D3-BF4B-00C04F79EFBC}") = "ProductMicroservice", "ProductMicroservice\ProductMicroservice.csproj", "{3DE9DCC0-8349-406E-A2AC-2B97429AADA6}"
EndProject
Project("{FAE04EC0-301F-11D3-BF4B-00C04F79EFBC}") = "ProductAPI.ApplicationCore", "ProductMicroservice\ProductAPI.ApplicationCore\ProductAPI.ApplicationCore.csproj", "{3C40057E-3F60-4203-ABF8-6D8C3A8C8BE6}"
EndProject
Project("{FAE04EC0-301F-11D3-BF4B-00C04F79EFBC}") = "ProductAPI.Infrastructure", "ProductMicroservice\ProductAPI.Infrastructure\ProductAPI.Infrastructure.csproj", "{60092109-A526-4EFA-B1DA-62091D3BE454}"
EndProject
Project("{2150E333-8FDC-42A3-9474-1A3956D46DE8}") = "OrderMicroservice", "OrderMicroservice", "{2816D56B-496F-444A-8BAA-9AD29A5FC0B9}"
EndProject
Project("{FAE04EC0-301F-11D3-BF4B-00C04F79EFBC}") = "OrderServiceAPI", "OrderMicroservice\OrderServiceAPI.csproj", "{D7D665A4-6BC0-4657-AA24-C30D0F6FC81D}"
EndProject
Project("{FAE04EC0-301F-11D3-BF4B-00C04F79EFBC}") = "OrderAPI.ApplicationCore", "OrderMicroservice\OrderAPI.ApplicationCore\OrderAPI.ApplicationCore.csproj", "{6F14B7B7-EB9D-4B6E-B1E6-BD857868545C}"
EndProject
Project("{FAE04EC0-301F-11D3-BF4B-00C04F79EFBC}") = "OrderAPI.Infrastructure", "OrderMicroservice\OrderAPI.Infrastructure\OrderAPI.Infrastructure.csproj", "{08BD6568-33BE-4061-B5BB-C2272785B4C9}"
EndProject
Project("{2150E333-8FDC-42A3-9474-1A3956D46DE8}") = "src", "src", "{3680629A-1F83-4E63-B892-8CEAC6BEC77A}"
EndProject
Project("{2150E333-8FDC-42A3-9474-1A3956D46DE8}") = "PromotionMicroservice", "PromotionMicroservice", "{78A9EFC1-AD0C-4148-A8B8-824B23EE81FA}"
EndProject
Project("{2150E333-8FDC-42A3-9474-1A3956D46DE8}") = "AuthenticationMicroservice", "AuthenticationMicroservice", "{B45DF1FA-2E68-41D5-B338-0DD341DD74F3}"
EndProject
Project("{FAE04EC0-301F-11D3-BF4B-00C04F79EFBC}") = "AuthenticationAPI", "AuthenticationAPI\AuthenticationAPI.csproj", "{EDB7CFC2-26D9-4246-AA35-266912A89073}"
EndProject
Project("{2150E333-8FDC-42A3-9474-1A3956D46DE8}") = "Solution Items", "Solution Items", "{529346E5-FB6D-4B32-A1E0-EB7758F05B9B}"
	ProjectSection(SolutionItems) = preProject
		docker-compose.yml = docker-compose.yml
	EndProjectSection
EndProject
Project("{FAE04EC0-301F-11D3-BF4B-00C04F79EFBC}") = "PromotionAPI", "PromotionAPI\PromotionAPI.csproj", "{EA6D82C3-331E-45E6-879C-0E506557EB46}"
EndProject
Global
	GlobalSection(SolutionConfigurationPlatforms) = preSolution
		Debug|Any CPU = Debug|Any CPU
		Release|Any CPU = Release|Any CPU
	EndGlobalSection
	GlobalSection(ProjectConfigurationPlatforms) = postSolution
		{3DE9DCC0-8349-406E-A2AC-2B97429AADA6}.Debug|Any CPU.ActiveCfg = Debug|Any CPU
		{3DE9DCC0-8349-406E-A2AC-2B97429AADA6}.Debug|Any CPU.Build.0 = Debug|Any CPU
		{3DE9DCC0-8349-406E-A2AC-2B97429AADA6}.Release|Any CPU.ActiveCfg = Release|Any CPU
		{3DE9DCC0-8349-406E-A2AC-2B97429AADA6}.Release|Any CPU.Build.0 = Release|Any CPU
		{3C40057E-3F60-4203-ABF8-6D8C3A8C8BE6}.Debug|Any CPU.ActiveCfg = Debug|Any CPU
		{3C40057E-3F60-4203-ABF8-6D8C3A8C8BE6}.Debug|Any CPU.Build.0 = Debug|Any CPU
		{3C40057E-3F60-4203-ABF8-6D8C3A8C8BE6}.Release|Any CPU.ActiveCfg = Release|Any CPU
		{3C40057E-3F60-4203-ABF8-6D8C3A8C8BE6}.Release|Any CPU.Build.0 = Release|Any CPU
		{60092109-A526-4EFA-B1DA-62091D3BE454}.Debug|Any CPU.ActiveCfg = Debug|Any CPU
		{60092109-A526-4EFA-B1DA-62091D3BE454}.Debug|Any CPU.Build.0 = Debug|Any CPU
		{60092109-A526-4EFA-B1DA-62091D3BE454}.Release|Any CPU.ActiveCfg = Release|Any CPU
		{60092109-A526-4EFA-B1DA-62091D3BE454}.Release|Any CPU.Build.0 = Release|Any CPU
		{D7D665A4-6BC0-4657-AA24-C30D0F6FC81D}.Debug|Any CPU.ActiveCfg = Debug|Any CPU
		{D7D665A4-6BC0-4657-AA24-C30D0F6FC81D}.Debug|Any CPU.Build.0 = Debug|Any CPU
		{D7D665A4-6BC0-4657-AA24-C30D0F6FC81D}.Release|Any CPU.ActiveCfg = Release|Any CPU
		{D7D665A4-6BC0-4657-AA24-C30D0F6FC81D}.Release|Any CPU.Build.0 = Release|Any CPU
		{6F14B7B7-EB9D-4B6E-B1E6-BD857868545C}.Debug|Any CPU.ActiveCfg = Debug|Any CPU
		{6F14B7B7-EB9D-4B6E-B1E6-BD857868545C}.Debug|Any CPU.Build.0 = Debug|Any CPU
		{6F14B7B7-EB9D-4B6E-B1E6-BD857868545C}.Release|Any CPU.ActiveCfg = Release|Any CPU
		{6F14B7B7-EB9D-4B6E-B1E6-BD857868545C}.Release|Any CPU.Build.0 = Release|Any CPU
		{08BD6568-33BE-4061-B5BB-C2272785B4C9}.Debug|Any CPU.ActiveCfg = Debug|Any CPU
		{08BD6568-33BE-4061-B5BB-C2272785B4C9}.Debug|Any CPU.Build.0 = Debug|Any CPU
		{08BD6568-33BE-4061-B5BB-C2272785B4C9}.Release|Any CPU.ActiveCfg = Release|Any CPU
		{08BD6568-33BE-4061-B5BB-C2272785B4C9}.Release|Any CPU.Build.0 = Release|Any CPU
		{EDB7CFC2-26D9-4246-AA35-266912A89073}.Debug|Any CPU.ActiveCfg = Debug|Any CPU
		{EDB7CFC2-26D9-4246-AA35-266912A89073}.Debug|Any CPU.Build.0 = Debug|Any CPU
		{EDB7CFC2-26D9-4246-AA35-266912A89073}.Release|Any CPU.ActiveCfg = Release|Any CPU
		{EDB7CFC2-26D9-4246-AA35-266912A89073}.Release|Any CPU.Build.0 = Release|Any CPU
		{EA6D82C3-331E-45E6-879C-0E506557EB46}.Debug|Any CPU.ActiveCfg = Debug|Any CPU
		{EA6D82C3-331E-45E6-879C-0E506557EB46}.Debug|Any CPU.Build.0 = Debug|Any CPU
		{EA6D82C3-331E-45E6-879C-0E506557EB46}.Release|Any CPU.ActiveCfg = Release|Any CPU
		{EA6D82C3-331E-45E6-879C-0E506557EB46}.Release|Any CPU.Build.0 = Release|Any CPU
	EndGlobalSection
	GlobalSection(SolutionProperties) = preSolution
		HideSolutionNode = FALSE
	EndGlobalSection
	GlobalSection(ExtensibilityGlobals) = postSolution
		SolutionGuid = {B95A1E6D-4C09-4B24-9AF6-F12B4CDB419E}
	EndGlobalSection
	GlobalSection(NestedProjects) = preSolution
		{3DE9DCC0-8349-406E-A2AC-2B97429AADA6} = {DEFA2CE4-659B-4EA1-8F9D-2AA4F4046905}
		{3C40057E-3F60-4203-ABF8-6D8C3A8C8BE6} = {DEFA2CE4-659B-4EA1-8F9D-2AA4F4046905}
		{60092109-A526-4EFA-B1DA-62091D3BE454} = {DEFA2CE4-659B-4EA1-8F9D-2AA4F4046905}
		{D7D665A4-6BC0-4657-AA24-C30D0F6FC81D} = {2816D56B-496F-444A-8BAA-9AD29A5FC0B9}
		{6F14B7B7-EB9D-4B6E-B1E6-BD857868545C} = {2816D56B-496F-444A-8BAA-9AD29A5FC0B9}
		{08BD6568-33BE-4061-B5BB-C2272785B4C9} = {2816D56B-496F-444A-8BAA-9AD29A5FC0B9}
		{DEFA2CE4-659B-4EA1-8F9D-2AA4F4046905} = {3680629A-1F83-4E63-B892-8CEAC6BEC77A}
		{2816D56B-496F-444A-8BAA-9AD29A5FC0B9} = {3680629A-1F83-4E63-B892-8CEAC6BEC77A}
		{78A9EFC1-AD0C-4148-A8B8-824B23EE81FA} = {3680629A-1F83-4E63-B892-8CEAC6BEC77A}
		{B45DF1FA-2E68-41D5-B338-0DD341DD74F3} = {3680629A-1F83-4E63-B892-8CEAC6BEC77A}
		{EDB7CFC2-26D9-4246-AA35-266912A89073} = {B45DF1FA-2E68-41D5-B338-0DD341DD74F3}
		{EA6D82C3-331E-45E6-879C-0E506557EB46} = {78A9EFC1-AD0C-4148-A8B8-824B23EE81FA}
	EndGlobalSection
EndGlobal
